{
  "requires": true,
  "lockfileVersion": 1,
  "dependencies": {
    "moment": {
      "version": "2.22.2",
      "resolved": "https://registry.npmjs.org/moment/-/moment-2.22.2.tgz",
      "integrity": "sha1-PCV/mDn8DpP/UxSWMiOeuQeD/2Y="
    },
    "zebra_datepicker": {
      "version": "1.9.11",
      "resolved": "https://registry.npmjs.org/zebra_datepicker/-/zebra_datepicker-1.9.11.tgz",
      "integrity": "sha512-CEHkHgW/KvzPireILNDeOP0e87U92uoiZOkKP0C80CGZFGzqs4Oy26bewsHVcKuNtQRhhQXK0MphWXbjjJQJZg=="
    }
  }
}
